Microsoft Visual Studio Solution File, Format Version 12.00
# Visual Studio 15
VisualStudioVersion = 15.0.27703.2035
MinimumVisualStudioVersion = 10.0.40219.1
Project("{FAE04EC0-301F-11D3-BF4B-00C04F79EFBC}") = "StockManager.Android", "StockManager.Android\StockManager.Android.csproj", "{7DB3B9B3-B9A1-456D-B014-EB52F8CECB29}"
EndProject
Project("{FAE04EC0-301F-11D3-BF4B-00C04F79EFBC}") = "StockManager.iOS", "StockManager.iOS\StockManager.iOS.csproj", "{EB93D5AE-C0AC-48C8-97B8-21F6D19A2EA7}"
EndProject
Project("{9A19103F-16F7-4668-BE54-9A1E7A4F7556}") = "StockManager", "StockManager\StockManager.csproj", "{89950B2D-79B1-4908-BCB9-DEC5A6A84EDC}"
EndProject
Global
	GlobalSection(SolutionConfigurationPlatforms) = preSolution
		Ad-Hoc|Any CPU = Ad-Hoc|Any CPU
		Ad-Hoc|iPhone = Ad-Hoc|iPhone
		Ad-Hoc|iPhoneSimulator = Ad-Hoc|iPhoneSimulator
		AppStore|Any CPU = AppStore|Any CPU
		AppStore|iPhone = AppStore|iPhone
		AppStore|iPhoneSimulator = AppStore|iPhoneSimulator
		Debug|Any CPU = Debug|Any CPU
		Debug|iPhone = Debug|iPhone
		Debug|iPhoneSimulator = Debug|iPhoneSimulator
		Release|Any CPU = Release|Any CPU
		Release|iPhone = Release|iPhone
		Release|iPhoneSimulator = Release|iPhoneSimulator
	EndGlobalSection
	GlobalSection(ProjectConfigurationPlatforms) = postSolution
		{7DB3B9B3-B9A1-456D-B014-EB52F8CECB29}.Ad-Hoc|Any CPU.ActiveCfg = Release|Any CPU
		{7DB3B9B3-B9A1-456D-B014-EB52F8CECB29}.Ad-Hoc|Any CPU.Build.0 = Release|Any CPU
		{7DB3B9B3-B9A1-456D-B014-EB52F8CECB29}.Ad-Hoc|Any CPU.Deploy.0 = Release|Any CPU
		{7DB3B9B3-B9A1-456D-B014-EB52F8CECB29}.Ad-Hoc|iPhone.ActiveCfg = Debug|Any CPU
		{7DB3B9B3-B9A1-456D-B014-EB52F8CECB29}.Ad-Hoc|iPhone.Build.0 = Debug|Any CPU
		{7DB3B9B3-B9A1-456D-B014-EB52F8CECB29}.Ad-Hoc|iPhoneSimulator.ActiveCfg = Release|Any CPU
		{7DB3B9B3-B9A1-456D-B014-EB52F8CECB29}.Ad-Hoc|iPhoneSimulator.Build.0 = Release|Any CPU
		{7DB3B9B3-B9A1-456D-B014-EB52F8CECB29}.Ad-Hoc|iPhoneSimulator.Deploy.0 = Release|Any CPU
		{7DB3B9B3-B9A1-456D-B014-EB52F8CECB29}.AppStore|Any CPU.ActiveCfg = Release|Any CPU
		{7DB3B9B3-B9A1-456D-B014-EB52F8CECB29}.AppStore|Any CPU.Build.0 = Release|Any CPU
		{7DB3B9B3-B9A1-456D-B014-EB52F8CECB29}.AppStore|Any CPU.Deploy.0 = Release|Any CPU
		{7DB3B9B3-B9A1-456D-B014-EB52F8CECB29}.AppStore|iPhone.ActiveCfg = Debug|Any CPU
		{7DB3B9B3-B9A1-456D-B014-EB52F8CECB29}.AppStore|iPhone.Build.0 = Debug|Any CPU
		{7DB3B9B3-B9A1-456D-B014-EB52F8CECB29}.AppStore|iPhoneSimulator.ActiveCfg = Release|Any CPU
		{7DB3B9B3-B9A1-456D-B014-EB52F8CECB29}.AppStore|iPhoneSimulator.Build.0 = Release|Any CPU
		{7DB3B9B3-B9A1-456D-B014-EB52F8CECB29}.AppStore|iPhoneSimulator.Deploy.0 = Release|Any CPU
		{7DB3B9B3-B9A1-456D-B014-EB52F8CECB29}.Debug|Any CPU.ActiveCfg = Debug|Any CPU
		{7DB3B9B3-B9A1-456D-B014-EB52F8CECB29}.Debug|Any CPU.Build.0 = Debug|Any CPU
		{7DB3B9B3-B9A1-456D-B014-EB52F8CECB29}.Debug|Any CPU.Deploy.0 = Debug|Any CPU
		{7DB3B9B3-B9A1-456D-B014-EB52F8CECB29}.Debug|iPhone.ActiveCfg = Debug|Any CPU
		{7DB3B9B3-B9A1-456D-B014-EB52F8CECB29}.Debug|iPhone.Build.0 = Debug|Any CPU
		{7DB3B9B3-B9A1-456D-B014-EB52F8CECB29}.Debug|iPhoneSimulator.ActiveCfg = Debug|Any CPU
		{7DB3B9B3-B9A1-456D-B014-EB52F8CECB29}.Debug|iPhoneSimulator.Build.0 = Debug|Any CPU
		{7DB3B9B3-B9A1-456D-B014-EB52F8CECB29}.Release|Any CPU.ActiveCfg = Release|Any CPU
		{7DB3B9B3-B9A1-456D-B014-EB52F8CECB29}.Release|Any CPU.Build.0 = Release|Any CPU
		{7DB3B9B3-B9A1-456D-B014-EB52F8CECB29}.Release|iPhone.ActiveCfg = Release|Any CPU
		{7DB3B9B3-B9A1-456D-B014-EB52F8CECB29}.Release|iPhone.Build.0 = Release|Any CPU
		{7DB3B9B3-B9A1-456D-B014-EB52F8CECB29}.Release|iPhoneSimulator.ActiveCfg = Release|Any CPU
		{7DB3B9B3-B9A1-456D-B014-EB52F8CECB29}.Release|iPhoneSimulator.Build.0 = Release|Any CPU
		{EB93D5AE-C0AC-48C8-97B8-21F6D19A2EA7}.Ad-Hoc|Any CPU.ActiveCfg = Ad-Hoc|iPhoneSimulator
		{EB93D5AE-C0AC-48C8-97B8-21F6D19A2EA7}.Ad-Hoc|iPhone.ActiveCfg = Ad-Hoc|iPhone
		{EB93D5AE-C0AC-48C8-97B8-21F6D19A2EA7}.Ad-Hoc|iPhone.Build.0 = Ad-Hoc|iPhone
		{EB93D5AE-C0AC-48C8-97B8-21F6D19A2EA7}.Ad-Hoc|iPhoneSimulator.ActiveCfg = Ad-Hoc|iPhoneSimulator
		{EB93D5AE-C0AC-48C8-97B8-21F6D19A2EA7}.Ad-Hoc|iPhoneSimulator.Build.0 = Ad-Hoc|iPhoneSimulator
		{EB93D5AE-C0AC-48C8-97B8-21F6D19A2EA7}.AppStore|Any CPU.ActiveCfg = AppStore|iPhoneSimulator
		{EB93D5AE-C0AC-48C8-97B8-21F6D19A2EA7}.AppStore|iPhone.ActiveCfg = AppStore|iPhone
		{EB93D5AE-C0AC-48C8-97B8-21F6D19A2EA7}.AppStore|iPhone.Build.0 = AppStore|iPhone
		{EB93D5AE-C0AC-48C8-97B8-21F6D19A2EA7}.AppStore|iPhoneSimulator.ActiveCfg = AppStore|iPhoneSimulator
		{EB93D5AE-C0AC-48C8-97B8-21F6D19A2EA7}.AppStore|iPhoneSimulator.Build.0 = AppStore|iPhoneSimulator
		{EB93D5AE-C0AC-48C8-97B8-21F6D19A2EA7}.Debug|Any CPU.ActiveCfg = Debug|iPhoneSimulator
		{EB93D5AE-C0AC-48C8-97B8-21F6D19A2EA7}.Debug|Any CPU.Build.0 = Debug|iPhoneSimulator
		{EB93D5AE-C0AC-48C8-97B8-21F6D19A2EA7}.Debug|iPhone.ActiveCfg = Debug|iPhone
		{EB93D5AE-C0AC-48C8-97B8-21F6D19A2EA7}.Debug|iPhone.Build.0 = Debug|iPhone
		{EB93D5AE-C0AC-48C8-97B8-21F6D19A2EA7}.Debug|iPhoneSimulator.ActiveCfg = Debug|iPhoneSimulator
		{EB93D5AE-C0AC-48C8-97B8-21F6D19A2EA7}.Debug|iPhoneSimulator.Build.0 = Debug|iPhoneSimulator
		{EB93D5AE-C0AC-48C8-97B8-21F6D19A2EA7}.Release|Any CPU.ActiveCfg = Release|iPhoneSimulator
		{EB93D5AE-C0AC-48C8-97B8-21F6D19A2EA7}.Release|Any CPU.Build.0 = Release|iPhoneSimulator
		{EB93D5AE-C0AC-48C8-97B8-21F6D19A2EA7}.Release|iPhone.ActiveCfg = Release|iPhone
		{EB93D5AE-C0AC-48C8-97B8-21F6D19A2EA7}.Release|iPhone.Build.0 = Release|iPhone
		{EB93D5AE-C0AC-48C8-97B8-21F6D19A2EA7}.Release|iPhoneSimulator.ActiveCfg = Release|iPhoneSimulator
		{EB93D5AE-C0AC-48C8-97B8-21F6D19A2EA7}.Release|iPhoneSimulator.Build.0 = Release|iPhoneSimulator
		{89950B2D-79B1-4908-BCB9-DEC5A6A84EDC}.Ad-Hoc|Any CPU.ActiveCfg = Release|Any CPU
		{89950B2D-79B1-4908-BCB9-DEC5A6A84EDC}.Ad-Hoc|Any CPU.Build.0 = Release|Any CPU
		{89950B2D-79B1-4908-BCB9-DEC5A6A84EDC}.Ad-Hoc|iPhone.ActiveCfg = Debug|Any CPU
		{89950B2D-79B1-4908-BCB9-DEC5A6A84EDC}.Ad-Hoc|iPhone.Build.0 = Debug|Any CPU
		{89950B2D-79B1-4908-BCB9-DEC5A6A84EDC}.Ad-Hoc|iPhoneSimulator.ActiveCfg = Release|Any CPU
		{89950B2D-79B1-4908-BCB9-DEC5A6A84EDC}.Ad-Hoc|iPhoneSimulator.Build.0 = Release|Any CPU
		{89950B2D-79B1-4908-BCB9-DEC5A6A84EDC}.AppStore|Any CPU.ActiveCfg = Release|Any CPU
		{89950B2D-79B1-4908-BCB9-DEC5A6A84EDC}.AppStore|Any CPU.Build.0 = Release|Any CPU
		{89950B2D-79B1-4908-BCB9-DEC5A6A84EDC}.AppStore|iPhone.ActiveCfg = Debug|Any CPU
		{89950B2D-79B1-4908-BCB9-DEC5A6A84EDC}.AppStore|iPhone.Build.0 = Debug|Any CPU
		{89950B2D-79B1-4908-BCB9-DEC5A6A84EDC}.AppStore|iPhoneSimulator.ActiveCfg = Release|Any CPU
		{89950B2D-79B1-4908-BCB9-DEC5A6A84EDC}.AppStore|iPhoneSimulator.Build.0 = Release|Any CPU
		{89950B2D-79B1-4908-BCB9-DEC5A6A84EDC}.Debug|Any CPU.ActiveCfg = Debug|Any CPU
		{89950B2D-79B1-4908-BCB9-DEC5A6A84EDC}.Debug|Any CPU.Build.0 = Debug|Any CPU
		{89950B2D-79B1-4908-BCB9-DEC5A6A84EDC}.Debug|iPhone.ActiveCfg = Debug|Any CPU
		{89950B2D-79B1-4908-BCB9-DEC5A6A84EDC}.Debug|iPhone.Build.0 = Debug|Any CPU
		{89950B2D-79B1-4908-BCB9-DEC5A6A84EDC}.Debug|iPhoneSimulator.ActiveCfg = Debug|Any CPU
		{89950B2D-79B1-4908-BCB9-DEC5A6A84EDC}.Debug|iPhoneSimulator.Build.0 = Debug|Any CPU
		{89950B2D-79B1-4908-BCB9-DEC5A6A84EDC}.Release|Any CPU.ActiveCfg = Release|Any CPU
		{89950B2D-79B1-4908-BCB9-DEC5A6A84EDC}.Release|Any CPU.Build.0 = Release|Any CPU
		{89950B2D-79B1-4908-BCB9-DEC5A6A84EDC}.Release|iPhone.ActiveCfg = Release|Any CPU
		{89950B2D-79B1-4908-BCB9-DEC5A6A84EDC}.Release|iPhone.Build.0 = Release|Any CPU
		{89950B2D-79B1-4908-BCB9-DEC5A6A84EDC}.Release|iPhoneSimulator.ActiveCfg = Release|Any CPU
		{89950B2D-79B1-4908-BCB9-DEC5A6A84EDC}.Release|iPhoneSimulator.Build.0 = Release|Any CPU
	EndGlobalSection
	GlobalSection(SolutionProperties) = preSolution
		HideSolutionNode = FALSE
	EndGlobalSection
	GlobalSection(ExtensibilityGlobals) = postSolution
		SolutionGuid = {9D619B74-1179-4F28-8858-0821B8CD5F97}
	EndGlobalSection
EndGlobal
